<?xml version="1.0" encoding="utf-8"?>
<Project ToolsVersion="4.0" xmlns="http://schemas.microsoft.com/developer/msbuild/2003">
  <ItemGroup>
    <ResourceCompile Include="Source\resources.rc" />
  </ItemGroup>
  <ItemGroup>
    <Filter Include="Config">
      <UniqueIdentifier>{bc6a982e-2791-417c-bcf0-251bbf0bbcc7}</UniqueIdentifier>
    </Filter>
    <Filter Include="_Lib">
      <UniqueIdentifier>{05b2cf4e-b768-429f-a085-79360164eb69}</UniqueIdentifier>
    </Filter>
    <Filter Include="MapObjects">
      <UniqueIdentifier>{6505ad53-93d0-4bdd-a52c-8de7c4e959a5}</UniqueIdentifier>
    </Filter>
    <Filter Include="MapObjects\Type %28MapObjects%29">
      <UniqueIdentifier>{d17b7f06-4dce-45b9-9098-dc5e843ec7a7}</UniqueIdentifier>
    </Filter>
    <Filter Include="Modules">
      <UniqueIdentifier>{d2d0065d-bba7-42b8-8954-bff3fe451980}</UniqueIdentifier>
    </Filter>
    <Filter Include="Modules\Type %28Module%29">
      <UniqueIdentifier>{1408dbf4-c099-4873-b851-8e6d775cef25}</UniqueIdentifier>
    </Filter>
    <Filter Include="Systems">
      <UniqueIdentifier>{3c8e53d6-9bf5-42c3-89d8-406157a1f6c2}</UniqueIdentifier>
    </Filter>
    <Filter Include="Systems\CollisionDetection">
      <UniqueIdentifier>{dd24ac99-1546-4e6a-96eb-5ea9ed5aeb27}</UniqueIdentifier>
    </Filter>
    <Filter Include="Utils">
      <UniqueIdentifier>{6e251ee0-272d-46ed-bd41-859c7664fd32}</UniqueIdentifier>
    </Filter>
    <Filter Include="_Lib\Pugixml">
      <UniqueIdentifier>{f79505bd-d4a3-420f-8569-ff24cde47719}</UniqueIdentifier>
    </Filter>
    <Filter Include="MapObjects\Type %28MapObjects%29\Vehicle">
      <UniqueIdentifier>{2fd10773-abe3-4aa3-8baf-4782bb91813e}</UniqueIdentifier>
    </Filter>
    <Filter Include="MapObjects\Type %28MapObjects%29\Vehicle\Wheels">
      <UniqueIdentifier>{ee3ee948-48e2-42dd-bddc-0ee59a48d74a}</UniqueIdentifier>
    </Filter>
    <Filter Include="MapObjects\Type %28MapObjects%29\Vehicle\Car">
      <UniqueIdentifier>{69314bab-24e6-4085-9934-e3b367c4560c}</UniqueIdentifier>
    </Filter>
  </ItemGroup>
  <ItemGroup>
    <ClCompile Include="Source\ModuleAssetLoader.cpp">
      <Filter>Modules\Type %28Module%29</Filter>
    </ClCompile>
    <ClCompile Include="Source\ModuleAudio.cpp">
      <Filter>Modules\Type %28Module%29</Filter>
    </ClCompile>
    <ClCompile Include="Source\ModuleGame.cpp">
      <Filter>Modules\Type %28Module%29</Filter>
    </ClCompile>
    <ClCompile Include="Source\ModulePhysics.cpp">
      <Filter>Modules\Type %28Module%29</Filter>
    </ClCompile>
    <ClCompile Include="Source\ModuleRender.cpp">
      <Filter>Modules\Type %28Module%29</Filter>
    </ClCompile>
    <ClCompile Include="Source\ModuleTexture.cpp">
      <Filter>Modules\Type %28Module%29</Filter>
    </ClCompile>
    <ClCompile Include="Source\ModuleWindow.cpp">
      <Filter>Modules\Type %28Module%29</Filter>
    </ClCompile>
    <ClCompile Include="Source\Main.cpp" />
    <ClCompile Include="Source\Application.cpp" />
    <ClCompile Include="Source\Log.cpp">
      <Filter>Utils</Filter>
    </ClCompile>
    <ClCompile Include="Source\Timer.cpp">
      <Filter>Utils</Filter>
    </ClCompile>
    <ClCompile Include="Source\CollisionSensor.cpp">
      <Filter>Systems\CollisionDetection</Filter>
    </ClCompile>
    <ClCompile Include="Source\CollisionsDispatcher.cpp">
      <Filter>Systems\CollisionDetection</Filter>
    </ClCompile>
    <ClCompile Include="Source\external\pugi\pugixml.cpp">
      <Filter>_Lib\Pugixml</Filter>
    </ClCompile>
    <ClCompile Include="Source\Box2DFactory.cpp">
      <Filter>Utils</Filter>
    </ClCompile>
    <ClCompile Include="Source\ModuleLocalization.cpp">
      <Filter>Modules\Type %28Module%29</Filter>
    </ClCompile>
    <ClCompile Include="Source\Vehicle.cpp">
      <Filter>MapObjects\Type %28MapObjects%29\Vehicle</Filter>
    </ClCompile>
    <ClCompile Include="Source\Car.cpp">
      <Filter>MapObjects\Type %28MapObjects%29\Vehicle\Car</Filter>
    </ClCompile>
    <ClCompile Include="Source\Wheel.cpp">
      <Filter>MapObjects\Type %28MapObjects%29\Vehicle\Wheels</Filter>
    </ClCompile>
  </ItemGroup>
  <ItemGroup>
    <ClInclude Include="Source\ModuleAssetLoader.h">
      <Filter>Modules\Type %28Module%29</Filter>
    </ClInclude>
    <ClInclude Include="Source\ModuleAudio.h">
      <Filter>Modules\Type %28Module%29</Filter>
    </ClInclude>
    <ClInclude Include="Source\ModuleGame.h">
      <Filter>Modules\Type %28Module%29</Filter>
    </ClInclude>
    <ClInclude Include="Source\ModulePhysics.h">
      <Filter>Modules\Type %28Module%29</Filter>
    </ClInclude>
    <ClInclude Include="Source\ModuleRender.h">
      <Filter>Modules\Type %28Module%29</Filter>
    </ClInclude>
    <ClInclude Include="Source\ModuleTexture.h">
      <Filter>Modules\Type %28Module%29</Filter>
    </ClInclude>
    <ClInclude Include="Source\ModuleWindow.h">
      <Filter>Modules\Type %28Module%29</Filter>
    </ClInclude>
    <ClInclude Include="Source\Module.h">
      <Filter>Modules</Filter>
    </ClInclude>
    <ClInclude Include="Source\Globals.h" />
    <ClInclude Include="Source\Application.h" />
    <ClInclude Include="Source\p2Point.h">
      <Filter>Utils</Filter>
    </ClInclude>
    <ClInclude Include="Source\Timer.h">
      <Filter>Utils</Filter>
    </ClInclude>
    <ClInclude Include="Source\CollisionSensor.h">
      <Filter>Systems\CollisionDetection</Filter>
    </ClInclude>
    <ClInclude Include="Source\CollisionsDispatcher.h">
      <Filter>Systems\CollisionDetection</Filter>
    </ClInclude>
    <ClInclude Include="Source\external\pugi\pugixml.hpp">
      <Filter>_Lib\Pugixml</Filter>
    </ClInclude>
    <ClInclude Include="Source\external\pugi\pugiconfig.hpp">
      <Filter>_Lib\Pugixml</Filter>
    </ClInclude>
    <ClInclude Include="Source\MemLeaks.h">
      <Filter>Utils</Filter>
    </ClInclude>
    <ClInclude Include="Source\Box2DFactory.h">
      <Filter>Utils</Filter>
    </ClInclude>
    <ClInclude Include="Source\MapObject.h">
      <Filter>MapObjects</Filter>
    </ClInclude>
    <ClInclude Include="Source\ModuleLocalization.h">
      <Filter>Modules\Type %28Module%29</Filter>
    </ClInclude>
    <ClInclude Include="Source\Vehicle.h">
      <Filter>MapObjects\Type %28MapObjects%29\Vehicle</Filter>
    </ClInclude>
    <ClInclude Include="Source\Car.h">
      <Filter>MapObjects\Type %28MapObjects%29\Vehicle\Car</Filter>
    </ClInclude>
    <ClInclude Include="Source\Wheel.h">
      <Filter>MapObjects\Type %28MapObjects%29\Vehicle\Wheels</Filter>
    </ClInclude>
  </ItemGroup>
</Project>